<?xml version="1.0" encoding="utf-8"?>
<Project ToolsVersion="4.0" xmlns="http://schemas.microsoft.com/developer/msbuild/2003">
  <ItemGroup>
    <Filter Include="Source Files">
      <UniqueIdentifier>{4FC737F1-C7A5-4376-A066-2A32D752A2FF}</UniqueIdentifier>
      <Extensions>cpp;c;cc;cxx;def;odl;idl;hpj;bat;asm;asmx</Extensions>
    </Filter>
    <Filter Include="Header Files">
      <UniqueIdentifier>{93995380-89BD-4b04-88EB-625FBE52EBFB}</UniqueIdentifier>
      <Extensions>h;hpp;hxx;hm;inl;inc;xsd</Extensions>
    </Filter>
    <Filter Include="Resource Files">
      <UniqueIdentifier>{67DA6AB6-F800-4c08-8B7A-83BB121AAD01}</UniqueIdentifier>
      <Extensions>rc;ico;cur;bmp;dlg;rc2;rct;bin;rgs;gif;jpg;jpeg;jpe;resx;tiff;tif;png;wav;mfcribbon-ms</Extensions>
    </Filter>
  </ItemGroup>
  <ItemGroup>
    <ClInclude Include="..\..\MahJongVip_HaErBin_GameArea\epoll_gamearea.h">
      <Filter>Header Files</Filter>
    </ClInclude>
    <ClInclude Include="..\..\MahJongVip_HaErBin_GameArea\world_gamearea.h">
      <Filter>Header Files</Filter>
    </ClInclude>
    <ClInclude Include="..\..\MahJongVip_HaErBin_GameArea\type_area.h">
      <Filter>Header Files</Filter>
    </ClInclude>
    <ClInclude Include="..\..\MahJongVip_HaErBin_GameArea\cfg_area.h">
      <Filter>Header Files</Filter>
    </ClInclude>
    <ClInclude Include="..\..\MahJongVip_HaErBin_GameArea\table_mgr.h">
      <Filter>Header Files</Filter>
    </ClInclude>
    <ClInclude Include="..\..\MahJongVip_HaErBin_GameArea\global_var.h">
      <Filter>Header Files</Filter>
    </ClInclude>
    <ClInclude Include="..\..\MahJongVip_HaErBin_GameArea\type_card.h">
      <Filter>Header Files</Filter>
    </ClInclude>
    <ClInclude Include="..\..\MahJongVip_HaErBin_GameArea\mjActionMgr.h">
      <Filter>Header Files</Filter>
    </ClInclude>
    <ClInclude Include="..\..\MahJongVip_HaErBin_GameArea\mjDataMgr.h">
      <Filter>Header Files</Filter>
    </ClInclude>
    <ClInclude Include="..\..\MahJongVip_HaErBin_GameArea\mjTypeDefine.h">
      <Filter>Header Files</Filter>
    </ClInclude>
    <ClInclude Include="..\..\MahJongVip_HaErBin_GameArea\mjLogic.h">
      <Filter>Header Files</Filter>
    </ClInclude>
  </ItemGroup>
  <ItemGroup>
    <ClCompile Include="..\..\MahJongVip_HaErBin_GameArea\epoll_gamearea.cpp">
      <Filter>Source Files</Filter>
    </ClCompile>
    <ClCompile Include="..\..\MahJongVip_HaErBin_GameArea\main_gamearea.cpp">
      <Filter>Source Files</Filter>
    </ClCompile>
    <ClCompile Include="..\..\MahJongVip_HaErBin_GameArea\world_gamearea.cpp">
      <Filter>Source Files</Filter>
    </ClCompile>
    <ClCompile Include="..\..\MahJongVip_HaErBin_GameArea\type_area.cpp">
      <Filter>Source Files</Filter>
    </ClCompile>
    <ClCompile Include="..\..\MahJongVip_HaErBin_GameArea\cfg_area.cpp">
      <Filter>Source Files</Filter>
    </ClCompile>
    <ClCompile Include="..\..\MahJongVip_HaErBin_GameArea\table_mgr.cpp">
      <Filter>Source Files</Filter>
    </ClCompile>
    <ClCompile Include="..\..\MahJongVip_HaErBin_GameArea\global_var.cpp">
      <Filter>Source Files</Filter>
    </ClCompile>
    <ClCompile Include="..\..\MahJongVip_HaErBin_GameArea\type_card.cpp">
      <Filter>Source Files</Filter>
    </ClCompile>
    <ClCompile Include="..\..\MahJongVip_HaErBin_GameArea\mjActionMgr.cpp">
      <Filter>Source Files</Filter>
    </ClCompile>
    <ClCompile Include="..\..\MahJongVip_HaErBin_GameArea\mjDataMgr.cpp">
      <Filter>Source Files</Filter>
    </ClCompile>
    <ClCompile Include="..\..\MahJongVip_HaErBin_GameArea\mjLogic.cpp">
      <Filter>Source Files</Filter>
    </ClCompile>
  </ItemGroup>
</Project>